
Microsoft Visual Studio Solution File, Format Version 12.00
# Visual Studio Version 17
VisualStudioVersion = 17.9.34714.143
MinimumVisualStudioVersion = 10.0.40219.1
Project("{FAE04EC0-301F-11D3-BF4B-00C04F79EFBC}") = "PetShop.Api", "PetShop.Api\PetShop.Api.csproj", "{296860C0-32D0-4BA1-BF4D-4C9CB8363D27}"
EndProject
Project("{2150E333-8FDC-42A3-9474-1A3956D46DE8}") = "Src", "Src", "{EFC33575-772B-451A-BE71-A5E4A40DFF46}"
EndProject
Project("{2150E333-8FDC-42A3-9474-1A3956D46DE8}") = "Services", "Services", "{01888789-7C2C-4E6E-9A5D-48CA8C5B707B}"
EndProject
Project("{2150E333-8FDC-42A3-9474-1A3956D46DE8}") = "PetShop", "PetShop", "{4CA0676A-6E16-469B-BA34-DF7BA1FC39AC}"
EndProject
Project("{FAE04EC0-301F-11D3-BF4B-00C04F79EFBC}") = "PetShop.Application", "PetShop.Application\PetShop.Application.csproj", "{3509809E-59F2-4CD9-BA41-4398397CAD1E}"
EndProject
Project("{FAE04EC0-301F-11D3-BF4B-00C04F79EFBC}") = "PetShop.Data", "PetShop.Data\PetShop.Data.csproj", "{8762FE6C-A644-40A0-90C6-FD126CD28519}"
EndProject
Project("{FAE04EC0-301F-11D3-BF4B-00C04F79EFBC}") = "PetShop.Domain", "PetShop.Domain\PetShop.Domain.csproj", "{E857CCD7-2617-4FD7-B29E-BE06072DC906}"
EndProject
Project("{2150E333-8FDC-42A3-9474-1A3956D46DE8}") = "Facade", "Facade", "{4DA6C116-02E7-45F5-9504-E30C5F9F5210}"
EndProject
Project("{FAE04EC0-301F-11D3-BF4B-00C04F79EFBC}") = "PetShop.Facade", "PetShop.Facade\PetShop.Facade.csproj", "{D1DAB6A2-C97C-47A5-A16A-72C90BE6FD38}"
EndProject
Project("{2150E333-8FDC-42A3-9474-1A3956D46DE8}") = "Core", "Core", "{4473C9AB-73CE-4E1F-B6A3-0ABD2B8012FB}"
EndProject
Project("{FAE04EC0-301F-11D3-BF4B-00C04F79EFBC}") = "PetShop.Core", "PetShop.Core\PetShop.Core.csproj", "{D39A50D8-D2E6-44B1-B02B-4F5667A794B5}"
EndProject
Project("{2150E333-8FDC-42A3-9474-1A3956D46DE8}") = "Appointments", "Appointments", "{02EA681E-C7D8-13C7-8484-4AC65E1B71E8}"
EndProject
Project("{FAE04EC0-301F-11D3-BF4B-00C04F79EFBC}") = "Appointments.Application", "Appointments.Application\Appointments.Application.csproj", "{2DE42761-4E63-42CD-9B9D-393FB2000962}"
EndProject
Project("{FAE04EC0-301F-11D3-BF4B-00C04F79EFBC}") = "Appointments.Data", "Appointments.Data\Appointments.Data.csproj", "{F157BDBD-CBB2-4800-8402-5A6BAD76083A}"
EndProject
Global
	GlobalSection(SolutionConfigurationPlatforms) = preSolution
		Debug|Any CPU = Debug|Any CPU
		Release|Any CPU = Release|Any CPU
	EndGlobalSection
	GlobalSection(ProjectConfigurationPlatforms) = postSolution
		{296860C0-32D0-4BA1-BF4D-4C9CB8363D27}.Debug|Any CPU.ActiveCfg = Debug|Any CPU
		{296860C0-32D0-4BA1-BF4D-4C9CB8363D27}.Debug|Any CPU.Build.0 = Debug|Any CPU
		{296860C0-32D0-4BA1-BF4D-4C9CB8363D27}.Release|Any CPU.ActiveCfg = Release|Any CPU
		{296860C0-32D0-4BA1-BF4D-4C9CB8363D27}.Release|Any CPU.Build.0 = Release|Any CPU
		{3509809E-59F2-4CD9-BA41-4398397CAD1E}.Debug|Any CPU.ActiveCfg = Debug|Any CPU
		{3509809E-59F2-4CD9-BA41-4398397CAD1E}.Debug|Any CPU.Build.0 = Debug|Any CPU
		{3509809E-59F2-4CD9-BA41-4398397CAD1E}.Release|Any CPU.ActiveCfg = Release|Any CPU
		{3509809E-59F2-4CD9-BA41-4398397CAD1E}.Release|Any CPU.Build.0 = Release|Any CPU
		{8762FE6C-A644-40A0-90C6-FD126CD28519}.Debug|Any CPU.ActiveCfg = Debug|Any CPU
		{8762FE6C-A644-40A0-90C6-FD126CD28519}.Debug|Any CPU.Build.0 = Debug|Any CPU
		{8762FE6C-A644-40A0-90C6-FD126CD28519}.Release|Any CPU.ActiveCfg = Release|Any CPU
		{8762FE6C-A644-40A0-90C6-FD126CD28519}.Release|Any CPU.Build.0 = Release|Any CPU
		{E857CCD7-2617-4FD7-B29E-BE06072DC906}.Debug|Any CPU.ActiveCfg = Debug|Any CPU
		{E857CCD7-2617-4FD7-B29E-BE06072DC906}.Debug|Any CPU.Build.0 = Debug|Any CPU
		{E857CCD7-2617-4FD7-B29E-BE06072DC906}.Release|Any CPU.ActiveCfg = Release|Any CPU
		{E857CCD7-2617-4FD7-B29E-BE06072DC906}.Release|Any CPU.Build.0 = Release|Any CPU
		{D1DAB6A2-C97C-47A5-A16A-72C90BE6FD38}.Debug|Any CPU.ActiveCfg = Debug|Any CPU
		{D1DAB6A2-C97C-47A5-A16A-72C90BE6FD38}.Debug|Any CPU.Build.0 = Debug|Any CPU
		{D1DAB6A2-C97C-47A5-A16A-72C90BE6FD38}.Release|Any CPU.ActiveCfg = Release|Any CPU
		{D1DAB6A2-C97C-47A5-A16A-72C90BE6FD38}.Release|Any CPU.Build.0 = Release|Any CPU
		{D39A50D8-D2E6-44B1-B02B-4F5667A794B5}.Debug|Any CPU.ActiveCfg = Debug|Any CPU
		{D39A50D8-D2E6-44B1-B02B-4F5667A794B5}.Debug|Any CPU.Build.0 = Debug|Any CPU
		{D39A50D8-D2E6-44B1-B02B-4F5667A794B5}.Release|Any CPU.ActiveCfg = Release|Any CPU
		{D39A50D8-D2E6-44B1-B02B-4F5667A794B5}.Release|Any CPU.Build.0 = Release|Any CPU
		{2DE42761-4E63-42CD-9B9D-393FB2000962}.Debug|Any CPU.ActiveCfg = Debug|Any CPU
		{2DE42761-4E63-42CD-9B9D-393FB2000962}.Debug|Any CPU.Build.0 = Debug|Any CPU
		{2DE42761-4E63-42CD-9B9D-393FB2000962}.Release|Any CPU.ActiveCfg = Release|Any CPU
		{2DE42761-4E63-42CD-9B9D-393FB2000962}.Release|Any CPU.Build.0 = Release|Any CPU
		{F157BDBD-CBB2-4800-8402-5A6BAD76083A}.Debug|Any CPU.ActiveCfg = Debug|Any CPU
		{F157BDBD-CBB2-4800-8402-5A6BAD76083A}.Debug|Any CPU.Build.0 = Debug|Any CPU
		{F157BDBD-CBB2-4800-8402-5A6BAD76083A}.Release|Any CPU.ActiveCfg = Release|Any CPU
		{F157BDBD-CBB2-4800-8402-5A6BAD76083A}.Release|Any CPU.Build.0 = Release|Any CPU
	EndGlobalSection
	GlobalSection(SolutionProperties) = preSolution
		HideSolutionNode = FALSE
	EndGlobalSection
	GlobalSection(NestedProjects) = preSolution
		{296860C0-32D0-4BA1-BF4D-4C9CB8363D27} = {4CA0676A-6E16-469B-BA34-DF7BA1FC39AC}
		{01888789-7C2C-4E6E-9A5D-48CA8C5B707B} = {EFC33575-772B-451A-BE71-A5E4A40DFF46}
		{4CA0676A-6E16-469B-BA34-DF7BA1FC39AC} = {01888789-7C2C-4E6E-9A5D-48CA8C5B707B}
		{3509809E-59F2-4CD9-BA41-4398397CAD1E} = {4CA0676A-6E16-469B-BA34-DF7BA1FC39AC}
		{8762FE6C-A644-40A0-90C6-FD126CD28519} = {4CA0676A-6E16-469B-BA34-DF7BA1FC39AC}
		{E857CCD7-2617-4FD7-B29E-BE06072DC906} = {4CA0676A-6E16-469B-BA34-DF7BA1FC39AC}
		{4DA6C116-02E7-45F5-9504-E30C5F9F5210} = {EFC33575-772B-451A-BE71-A5E4A40DFF46}
		{D1DAB6A2-C97C-47A5-A16A-72C90BE6FD38} = {4DA6C116-02E7-45F5-9504-E30C5F9F5210}
		{4473C9AB-73CE-4E1F-B6A3-0ABD2B8012FB} = {EFC33575-772B-451A-BE71-A5E4A40DFF46}
		{D39A50D8-D2E6-44B1-B02B-4F5667A794B5} = {4473C9AB-73CE-4E1F-B6A3-0ABD2B8012FB}
		{02EA681E-C7D8-13C7-8484-4AC65E1B71E8} = {01888789-7C2C-4E6E-9A5D-48CA8C5B707B}
		{2DE42761-4E63-42CD-9B9D-393FB2000962} = {02EA681E-C7D8-13C7-8484-4AC65E1B71E8}
		{F157BDBD-CBB2-4800-8402-5A6BAD76083A} = {02EA681E-C7D8-13C7-8484-4AC65E1B71E8}
	EndGlobalSection
	GlobalSection(ExtensibilityGlobals) = postSolution
		SolutionGuid = {3D7CDA97-7B90-4FAC-BCCB-8E43A61235FA}
	EndGlobalSection
EndGlobal
